
Microsoft Visual Studio Solution File, Format Version 12.00
# Visual Studio 15
VisualStudioVersion = 15.0.26228.4
MinimumVisualStudioVersion = 10.0.40219.1
Project("{FAE04EC0-301F-11D3-BF4B-00C04F79EFBC}") = "CrackingTheCodeInterviewTests", "CrackingTheCodeInterviewTests\CrackingTheCodeInterviewTests.csproj", "{318CA1E0-BA6B-4F5D-AD74-B079D596A04A}"
EndProject
Project("{FAE04EC0-301F-11D3-BF4B-00C04F79EFBC}") = "CrackingTheCodeInterview", "CrackingTheCodeInterview\CrackingTheCodeInterview.csproj", "{40ADCB3D-1019-461B-BBAE-D73AF2AB77A2}"
EndProject
Project("{FAE04EC0-301F-11D3-BF4B-00C04F79EFBC}") = "CrackingTheCodeInterviewConsole", "CrackingTheCodeInterviewConsole\CrackingTheCodeInterviewConsole.csproj", "{41172277-166C-4D9A-8E6D-35D3619CF176}"
EndProject
Global
	GlobalSection(SolutionConfigurationPlatforms) = preSolution
		Debug|Any CPU = Debug|Any CPU
		Release|Any CPU = Release|Any CPU
	EndGlobalSection
	GlobalSection(ProjectConfigurationPlatforms) = postSolution
		{318CA1E0-BA6B-4F5D-AD74-B079D596A04A}.Debug|Any CPU.ActiveCfg = Debug|Any CPU
		{318CA1E0-BA6B-4F5D-AD74-B079D596A04A}.Debug|Any CPU.Build.0 = Debug|Any CPU
		{318CA1E0-BA6B-4F5D-AD74-B079D596A04A}.Release|Any CPU.ActiveCfg = Release|Any CPU
		{318CA1E0-BA6B-4F5D-AD74-B079D596A04A}.Release|Any CPU.Build.0 = Release|Any CPU
		{40ADCB3D-1019-461B-BBAE-D73AF2AB77A2}.Debug|Any CPU.ActiveCfg = Debug|Any CPU
		{40ADCB3D-1019-461B-BBAE-D73AF2AB77A2}.Debug|Any CPU.Build.0 = Debug|Any CPU
		{40ADCB3D-1019-461B-BBAE-D73AF2AB77A2}.Release|Any CPU.ActiveCfg = Release|Any CPU
		{40ADCB3D-1019-461B-BBAE-D73AF2AB77A2}.Release|Any CPU.Build.0 = Release|Any CPU
		{41172277-166C-4D9A-8E6D-35D3619CF176}.Debug|Any CPU.ActiveCfg = Debug|Any CPU
		{41172277-166C-4D9A-8E6D-35D3619CF176}.Debug|Any CPU.Build.0 = Debug|Any CPU
		{41172277-166C-4D9A-8E6D-35D3619CF176}.Release|Any CPU.ActiveCfg = Release|Any CPU
		{41172277-166C-4D9A-8E6D-35D3619CF176}.Release|Any CPU.Build.0 = Release|Any CPU
	EndGlobalSection
	GlobalSection(SolutionProperties) = preSolution
		HideSolutionNode = FALSE
	EndGlobalSection
EndGlobal
